
Microsoft Visual Studio Solution File, Format Version 12.00
# Visual Studio Version 16
VisualStudioVersion = 16.0.30204.135
MinimumVisualStudioVersion = 10.0.40219.1
Project("{FAE04EC0-301F-11D3-BF4B-00C04F79EFBC}") = "eShopSolution.Web", "eShopSolution.Web\eShopSolution.Web.csproj", "{DC7FB519-512D-4DAA-B02B-8A91AD52980B}"
EndProject
Project("{2150E333-8FDC-42A3-9474-1A3956D46DE8}") = "Solution Items", "Solution Items", "{C67A97DF-D85A-442A-9B0E-1321762EFC30}"
	ProjectSection(SolutionItems) = preProject
		README.md = README.md
	EndProjectSection
EndProject
Global
	GlobalSection(SolutionConfigurationPlatforms) = preSolution
		Debug|Any CPU = Debug|Any CPU
		Release|Any CPU = Release|Any CPU
	EndGlobalSection
	GlobalSection(ProjectConfigurationPlatforms) = postSolution
		{DC7FB519-512D-4DAA-B02B-8A91AD52980B}.Debug|Any CPU.ActiveCfg = Debug|Any CPU
		{DC7FB519-512D-4DAA-B02B-8A91AD52980B}.Debug|Any CPU.Build.0 = Debug|Any CPU
		{DC7FB519-512D-4DAA-B02B-8A91AD52980B}.Release|Any CPU.ActiveCfg = Release|Any CPU
		{DC7FB519-512D-4DAA-B02B-8A91AD52980B}.Release|Any CPU.Build.0 = Release|Any CPU
	EndGlobalSection
	GlobalSection(SolutionProperties) = preSolution
		HideSolutionNode = FALSE
	EndGlobalSection
	GlobalSection(ExtensibilityGlobals) = postSolution
		SolutionGuid = {C06B43A5-4262-4259-91AA-E5BEBAFA5635}
	EndGlobalSection
EndGlobal
